
Microsoft Visual Studio Solution File, Format Version 12.00
# Visual Studio Version 16
VisualStudioVersion = 16.0.29709.97
MinimumVisualStudioVersion = 10.0.40219.1
Project("{FAE04EC0-301F-11D3-BF4B-00C04F79EFBC}") = "EmployeeSalary", "EmployeeSalary\EmployeeSalary.csproj", "{B2593AF9-23DA-4A70-87FE-83BDED9653B0}"
EndProject
Global
	GlobalSection(SolutionConfigurationPlatforms) = preSolution
		Debug|Any CPU = Debug|Any CPU
		Release|Any CPU = Release|Any CPU
	EndGlobalSection
	GlobalSection(ProjectConfigurationPlatforms) = postSolution
		{B2593AF9-23DA-4A70-87FE-83BDED9653B0}.Debug|Any CPU.ActiveCfg = Debug|Any CPU
		{B2593AF9-23DA-4A70-87FE-83BDED9653B0}.Debug|Any CPU.Build.0 = Debug|Any CPU
		{B2593AF9-23DA-4A70-87FE-83BDED9653B0}.Release|Any CPU.ActiveCfg = Release|Any CPU
		{B2593AF9-23DA-4A70-87FE-83BDED9653B0}.Release|Any CPU.Build.0 = Release|Any CPU
	EndGlobalSection
	GlobalSection(SolutionProperties) = preSolution
		HideSolutionNode = FALSE
	EndGlobalSection
	GlobalSection(ExtensibilityGlobals) = postSolution
		SolutionGuid = {B1AD71C5-C61A-44DD-861C-F56A3F546846}
	EndGlobalSection
EndGlobal
